<Solution>
  <Folder Name="/src/">
    <Project Path="src/SharpBoxAI.ImapMcpServer.TestClient/SharpBoxAI.ImapMcpServer.TestClient.csproj" />
    <Project Path="src/SharpBoxAI.ImapMcpServer/SharpBoxAI.ImapMcpServer.csproj" />
    <Project Path="src/SharpBoxAI/SharpBoxAI.csproj" />
  </Folder>
</Solution>
